
Microsoft Visual Studio Solution File, Format Version 12.00
# Visual Studio Version 17
VisualStudioVersion = 17.8.34525.116
MinimumVisualStudioVersion = 10.0.40219.1
Project("{9A19103F-16F7-4668-BE54-9A1E7A4F7556}") = "GUI", "GUI\GUI.csproj", "{4346CA13-2833-4ABB-9E89-26F6AA1E9BF9}"
EndProject
Project("{9A19103F-16F7-4668-BE54-9A1E7A4F7556}") = "Domain", "Domain\Domain.csproj", "{8429411D-F5B0-48EF-8E47-D1D3340FAC67}"
EndProject
Project("{9A19103F-16F7-4668-BE54-9A1E7A4F7556}") = "Infrastructure", "Infrastructure\Infrastructure.csproj", "{11CA25F6-4889-40DE-BFDC-26F0011DED54}"
EndProject
Project("{FAE04EC0-301F-11D3-BF4B-00C04F79EFBC}") = "APIS", "APIS\APIS.csproj", "{979C038E-8633-4FE2-A5CE-A89C5892DF1D}"
EndProject
Global
	GlobalSection(SolutionConfigurationPlatforms) = preSolution
		Debug|Any CPU = Debug|Any CPU
		Release|Any CPU = Release|Any CPU
	EndGlobalSection
	GlobalSection(ProjectConfigurationPlatforms) = postSolution
		{4346CA13-2833-4ABB-9E89-26F6AA1E9BF9}.Debug|Any CPU.ActiveCfg = Debug|Any CPU
		{4346CA13-2833-4ABB-9E89-26F6AA1E9BF9}.Debug|Any CPU.Build.0 = Debug|Any CPU
		{4346CA13-2833-4ABB-9E89-26F6AA1E9BF9}.Release|Any CPU.ActiveCfg = Release|Any CPU
		{4346CA13-2833-4ABB-9E89-26F6AA1E9BF9}.Release|Any CPU.Build.0 = Release|Any CPU
		{8429411D-F5B0-48EF-8E47-D1D3340FAC67}.Debug|Any CPU.ActiveCfg = Debug|Any CPU
		{8429411D-F5B0-48EF-8E47-D1D3340FAC67}.Debug|Any CPU.Build.0 = Debug|Any CPU
		{8429411D-F5B0-48EF-8E47-D1D3340FAC67}.Release|Any CPU.ActiveCfg = Release|Any CPU
		{8429411D-F5B0-48EF-8E47-D1D3340FAC67}.Release|Any CPU.Build.0 = Release|Any CPU
		{11CA25F6-4889-40DE-BFDC-26F0011DED54}.Debug|Any CPU.ActiveCfg = Debug|Any CPU
		{11CA25F6-4889-40DE-BFDC-26F0011DED54}.Debug|Any CPU.Build.0 = Debug|Any CPU
		{11CA25F6-4889-40DE-BFDC-26F0011DED54}.Release|Any CPU.ActiveCfg = Release|Any CPU
		{11CA25F6-4889-40DE-BFDC-26F0011DED54}.Release|Any CPU.Build.0 = Release|Any CPU
		{979C038E-8633-4FE2-A5CE-A89C5892DF1D}.Debug|Any CPU.ActiveCfg = Debug|Any CPU
		{979C038E-8633-4FE2-A5CE-A89C5892DF1D}.Debug|Any CPU.Build.0 = Debug|Any CPU
		{979C038E-8633-4FE2-A5CE-A89C5892DF1D}.Release|Any CPU.ActiveCfg = Release|Any CPU
		{979C038E-8633-4FE2-A5CE-A89C5892DF1D}.Release|Any CPU.Build.0 = Release|Any CPU
	EndGlobalSection
	GlobalSection(SolutionProperties) = preSolution
		HideSolutionNode = FALSE
	EndGlobalSection
	GlobalSection(ExtensibilityGlobals) = postSolution
		SolutionGuid = {FAEB4FBC-F65B-4C66-8F3D-7798CA9B5203}
	EndGlobalSection
EndGlobal
